name = "frqubit.tutoring.website"
version = "0.1.0"

[environment]
version = "0.3.0"

[[dependencies]]
name = "battalion.source.github"
version = "0.1.0"
hashid = "4C2205829B8C9EA3FE56C003A023BF96FE733E95170D7881EC18ED093D8DDF34"

[[dependencies.sources]]
handler = "battalion.source.tar"
url = "https://batl-public-295921714505-us-east-1-an.s3.us-east-1.amazonaws.com/battalion_source_github.tar"

[[dependencies]]
name = "frqubit.tutoring.backend"
version = "0.1.0"
hashid = "21BAFCA951DC1AB2E407980D353727BF70EF7BACE739856010497E812E293D27"

[[dependencies.sources]]
handler = "battalion.source.github"
repository = "frqubit/tutoring_backend"

[[dependencies]]
name = "frqubit.tutoring.database"
version = "0.1.0"
hashid = "A6CB98887AED8B4682EED02F704D945DD569C8DDB7018675FE95083A6E280938"

[[dependencies.sources]]
handler = "battalion.source.github"
repository = "frqubit/tutoring_database"
