name = "frqubit.tutoring.website"
version = "0.1.0"

[environment]
version = "0.3.0"

[[dependencies]]
name = "battalion.source.github"
version = "0.1.0"
hashid = "53D9F9C7E2BE1B38DB70C5CF813AB846D62EBD934DBA92E16368720D2CACC190"

[[dependencies.sources]]
handler = "battalion.source.tar"
url = "https://batl-public-295921714505-us-east-1-an.s3.us-east-1.amazonaws.com/battalion_source_github.tar"

[[dependencies]]
name = "frqubit.tutoring.backend"
version = "0.1.0"
hashid = "A68CB0862645E9EB328D62A79CA50C1EABD531DAD4C8C5E1BBE0B697450C2178"

[[dependencies.sources]]
handler = "battalion.source.github"
repository = "frqubit/tutoring_backend"

[[dependencies]]
name = "frqubit.tutoring.database"
version = "0.1.0"
hashid = "A096D635CCAFB48593E63F89E2712647F99A2B4FC2E04BA201F3E8055CE90206"

[[dependencies.sources]]
handler = "battalion.source.github"
repository = "frqubit/tutoring_database"
