name = "frqubit.tutoring.website"
version = "0.1.0"

[environment]
version = "0.3.0"

[[dependencies]]
name = "battalion.source.github"
version = "0.1.0"
hashid = "53D9F9C7E2BE1B38DB70C5CF813AB846D62EBD934DBA92E16368720D2CACC190"

[[dependencies.sources]]
handler = "battalion.source.tar"
url = "https://batl-public-295921714505-us-east-1-an.s3.us-east-1.amazonaws.com/battalion_source_github.tar"

[[dependencies]]
name = "frqubit.tutoring.backend"
version = "0.1.0"
hashid = "C81506E09F940757EF34E7BF75D12DEC1ED3CE007AE30ED4F20E9C1284DC51CD"

[[dependencies.sources]]
handler = "battalion.source.github"
repository = "frqubit/tutoring_backend"

[[dependencies]]
name = "frqubit.tutoring.database"
version = "0.1.0"
hashid = "2735AF38B824565F7D57E8BD6C9D93BA740D51A283EC1D3024CA25DF468AA25A"

[[dependencies.sources]]
handler = "battalion.source.github"
repository = "frqubit/tutoring_database"
